// !$*UTF8*$!
{
	archiveVersion = 1;
	classes = {
	};
	objectVersion = 56;
	objects = {

/* Begin PBXBuildFile section */
		84F69C0F2C2FB67E0088178F /* bottomsheetApp.swift in Sources */ = {isa = PBXBuildFile; fileRef = 84F69C0E2C2FB67D0088178F /* bottomsheetApp.swift */; };
		84F69C112C2FB67E0088178F /* ContentView.swift in Sources */ = {isa = PBXBuildFile; fileRef = 84F69C102C2FB67E0088178F /* ContentView.swift */; };
		84F69C132C2FB67F0088178F /* Assets.xcassets in Resources */ = {isa = PBXBuildFile; fileRef = 84F69C122C2FB67F0088178F /* Assets.xcassets */; };
		84F69C162C2FB67F0088178F /* Preview Assets.xcassets in Resources */ = {isa = PBXBuildFile; fileRef = 84F69C152C2FB67F0088178F /* Preview Assets.xcassets */; };
		84F69C202C2FB67F0088178F /* bottomsheetTests.swift in Sources */ = {isa = PBXBuildFile; fileRef = 84F69C1F2C2FB67F0088178F /* bottomsheetTests.swift */; };
		84F69C2A2C2FB6800088178F /* bottomsheetUITests.swift in Sources */ = {isa = PBXBuildFile; fileRef = 84F69C292C2FB6800088178F /* bottomsheetUITests.swift */; };
		84F69C2C2C2FB6800088178F /* bottomsheetUITestsLaunchTests.swift in Sources */ = {isa = PBXBuildFile; fileRef = 84F69C2B2C2FB6800088178F /* bottomsheetUITestsLaunchTests.swift */; };
/* End PBXBuildFile section */

/* Begin PBXContainerItemProxy section */
		84F69C1C2C2FB67F0088178F /* PBXContainerItemProxy */ = {
			isa = PBXContainerItemProxy;
			containerPortal = 84F69C032C2FB67D0088178F /* Project object */;
			proxyType = 1;
			remoteGlobalIDString = 84F69C0A2C2FB67D0088178F;
			remoteInfo = bottomsheet;
		};
		84F69C262C2FB6800088178F /* PBXContainerItemProxy */ = {
			isa = PBXContainerItemProxy;
			containerPortal = 84F69C032C2FB67D0088178F /* Project object */;
			proxyType = 1;
			remoteGlobalIDString = 84F69C0A2C2FB67D0088178F;
			remoteInfo = bottomsheet;
		};
/* End PBXContainerItemProxy section */

/* Begin PBXFileReference section */
		84F69C0B2C2FB67D0088178F /* bottomsheet.app */ = {isa = PBXFileReference; explicitFileType = wrapper.application; includeInIndex = 0; path = bottomsheet.app; sourceTree = BUILT_PRODUCTS_DIR; };
		84F69C0E2C2FB67D0088178F /* bottomsheetApp.swift */ = {isa = PBXFileReference; lastKnownFileType = sourcecode.swift; path = bottomsheetApp.swift; sourceTree = "<group>"; };
		84F69C102C2FB67E0088178F /* ContentView.swift */ = {isa = PBXFileReference; lastKnownFileType = sourcecode.swift; path = ContentView.swift; sourceTree = "<group>"; };
		84F69C122C2FB67F0088178F /* Assets.xcassets */ = {isa = PBXFileReference; lastKnownFileType = folder.assetcatalog; path = Assets.xcassets; sourceTree = "<group>"; };
		84F69C152C2FB67F0088178F /* Preview Assets.xcassets */ = {isa = PBXFileReference; lastKnownFileType = folder.assetcatalog; path = "Preview Assets.xcassets"; sourceTree = "<group>"; };
		84F69C1B2C2FB67F0088178F /* bottomsheetTests.xctest */ = {isa = PBXFileReference; explicitFileType = wrapper.cfbundle; includeInIndex = 0; path = bottomsheetTests.xctest; sourceTree = BUILT_PRODUCTS_DIR; };
		84F69C1F2C2FB67F0088178F /* bottomsheetTests.swift */ = {isa = PBXFileReference; lastKnownFileType = sourcecode.swift; path = bottomsheetTests.swift; sourceTree = "<group>"; };
		84F69C252C2FB6800088178F /* bottomsheetUITests.xctest */ = {isa = PBXFileReference; explicitFileType = wrapper.cfbundle; includeInIndex = 0; path = bottomsheetUITests.xctest; sourceTree = BUILT_PRODUCTS_DIR; };
		84F69C292C2FB6800088178F /* bottomsheetUITests.swift */ = {isa = PBXFileReference; lastKnownFileType = sourcecode.swift; path = bottomsheetUITests.swift; sourceTree = "<group>"; };
		84F69C2B2C2FB6800088178F /* bottomsheetUITestsLaunchTests.swift */ = {isa = PBXFileReference; lastKnownFileType = sourcecode.swift; path = bottomsheetUITestsLaunchTests.swift; sourceTree = "<group>"; };
/* End PBXFileReference section */

/* Begin PBXFrameworksBuildPhase section */
		84F69C082C2FB67D0088178F /* Frameworks */ = {
			isa = PBXFrameworksBuildPhase;
			buildActionMask = 2147483647;
			files = (
			);
			runOnlyForDeploymentPostprocessing = 0;
		};
		84F69C182C2FB67F0088178F /* Frameworks */ = {
			isa = PBXFrameworksBuildPhase;
			buildActionMask = 2147483647;
			files = (
			);
			runOnlyForDeploymentPostprocessing = 0;
		};
		84F69C222C2FB6800088178F /* Frameworks */ = {
			isa = PBXFrameworksBuildPhase;
			buildActionMask = 2147483647;
			files = (
			);
			runOnlyForDeploymentPostprocessing = 0;
		};
/* End PBXFrameworksBuildPhase section */

/* Begin PBXGroup section */
		84F69C022C2FB67D0088178F = {
			isa = PBXGroup;
			children = (
				84F69C0D2C2FB67D0088178F /* bottomsheet */,
				84F69C1E2C2FB67F0088178F /* bottomsheetTests */,
				84F69C282C2FB6800088178F /* bottomsheetUITests */,
				84F69C0C2C2FB67D0088178F /* Products */,
			);
			sourceTree = "<group>";
		};
		84F69C0C2C2FB67D0088178F /* Products */ = {
			isa = PBXGroup;
			children = (
				84F69C0B2C2FB67D0088178F /* bottomsheet.app */,
				84F69C1B2C2FB67F0088178F /* bottomsheetTests.xctest */,
				84F69C252C2FB6800088178F /* bottomsheetUITests.xctest */,
			);
			name = Products;
			sourceTree = "<group>";
		};
		84F69C0D2C2FB67D0088178F /* bottomsheet */ = {
			isa = PBXGroup;
			children = (
				84F69C0E2C2FB67D0088178F /* bottomsheetApp.swift */,
				84F69C102C2FB67E0088178F /* ContentView.swift */,
				84F69C122C2FB67F0088178F /* Assets.xcassets */,
				84F69C142C2FB67F0088178F /* Preview Content */,
			);
			path = bottomsheet;
			sourceTree = "<group>";
		};
		84F69C142C2FB67F0088178F /* Preview Content */ = {
			isa = PBXGroup;
			children = (
				84F69C152C2FB67F0088178F /* Preview Assets.xcassets */,
			);
			path = "Preview Content";
			sourceTree = "<group>";
		};
		84F69C1E2C2FB67F0088178F /* bottomsheetTests */ = {
			isa = PBXGroup;
			children = (
				84F69C1F2C2FB67F0088178F /* bottomsheetTests.swift */,
			);
			path = bottomsheetTests;
			sourceTree = "<group>";
		};
		84F69C282C2FB6800088178F /* bottomsheetUITests */ = {
			isa = PBXGroup;
			children = (
				84F69C292C2FB6800088178F /* bottomsheetUITests.swift */,
				84F69C2B2C2FB6800088178F /* bottomsheetUITestsLaunchTests.swift */,
			);
			path = bottomsheetUITests;
			sourceTree = "<group>";
		};
/* End PBXGroup section */

/* Begin PBXNativeTarget section */
		84F69C0A2C2FB67D0088178F /* bottomsheet */ = {
			isa = PBXNativeTarget;
			buildConfigurationList = 84F69C2F2C2FB6800088178F /* Build configuration list for PBXNativeTarget "bottomsheet" */;
			buildPhases = (
				84F69C072C2FB67D0088178F /* Sources */,
				84F69C082C2FB67D0088178F /* Frameworks */,
				84F69C092C2FB67D0088178F /* Resources */,
			);
			buildRules = (
			);
			dependencies = (
			);
			name = bottomsheet;
			productName = bottomsheet;
			productReference = 84F69C0B2C2FB67D0088178F /* bottomsheet.app */;
			productType = "com.apple.product-type.application";
		};
		84F69C1A2C2FB67F0088178F /* bottomsheetTests */ = {
			isa = PBXNativeTarget;
			buildConfigurationList = 84F69C322C2FB6800088178F /* Build configuration list for PBXNativeTarget "bottomsheetTests" */;
			buildPhases = (
				84F69C172C2FB67F0088178F /* Sources */,
				84F69C182C2FB67F0088178F /* Frameworks */,
				84F69C192C2FB67F0088178F /* Resources */,
			);
			buildRules = (
			);
			dependencies = (
				84F69C1D2C2FB67F0088178F /* PBXTargetDependency */,
			);
			name = bottomsheetTests;
			productName = bottomsheetTests;
			productReference = 84F69C1B2C2FB67F0088178F /* bottomsheetTests.xctest */;
			productType = "com.apple.product-type.bundle.unit-test";
		};
		84F69C242C2FB6800088178F /* bottomsheetUITests */ = {
			isa = PBXNativeTarget;
			buildConfigurationList = 84F69C352C2FB6800088178F /* Build configuration list for PBXNativeTarget "bottomsheetUITests" */;
			buildPhases = (
				84F69C212C2FB6800088178F /* Sources */,
				84F69C222C2FB6800088178F /* Frameworks */,
				84F69C232C2FB6800088178F /* Resources */,
			);
			buildRules = (
			);
			dependencies = (
				84F69C272C2FB6800088178F /* PBXTargetDependency */,
			);
			name = bottomsheetUITests;
			productName = bottomsheetUITests;
			productReference = 84F69C252C2FB6800088178F /* bottomsheetUITests.xctest */;
			productType = "com.apple.product-type.bundle.ui-testing";
		};
/* End PBXNativeTarget section */

/* Begin PBXProject section */
		84F69C032C2FB67D0088178F /* Project object */ = {
			isa = PBXProject;
			attributes = {
				BuildIndependentTargetsInParallel = 1;
				LastSwiftUpdateCheck = 1420;
				LastUpgradeCheck = 1420;
				TargetAttributes = {
					84F69C0A2C2FB67D0088178F = {
						CreatedOnToolsVersion = 14.2;
					};
					84F69C1A2C2FB67F0088178F = {
						CreatedOnToolsVersion = 14.2;
						TestTargetID = 84F69C0A2C2FB67D0088178F;
					};
					84F69C242C2FB6800088178F = {
						CreatedOnToolsVersion = 14.2;
						TestTargetID = 84F69C0A2C2FB67D0088178F;
					};
				};
			};
			buildConfigurationList = 84F69C062C2FB67D0088178F /* Build configuration list for PBXProject "bottomsheet" */;
			compatibilityVersion = "Xcode 14.0";
			developmentRegion = en;
			hasScannedForEncodings = 0;
			knownRegions = (
				en,
				Base,
			);
			mainGroup = 84F69C022C2FB67D0088178F;
			productRefGroup = 84F69C0C2C2FB67D0088178F /* Products */;
			projectDirPath = "";
			projectRoot = "";
			targets = (
				84F69C0A2C2FB67D0088178F /* bottomsheet */,
				84F69C1A2C2FB67F0088178F /* bottomsheetTests */,
				84F69C242C2FB6800088178F /* bottomsheetUITests */,
			);
		};
/* End PBXProject section */

/* Begin PBXResourcesBuildPhase section */
		84F69C092C2FB67D0088178F /* Resources */ = {
			isa = PBXResourcesBuildPhase;
			buildActionMask = 2147483647;
			files = (
				84F69C162C2FB67F0088178F /* Preview Assets.xcassets in Resources */,
				84F69C132C2FB67F0088178F /* Assets.xcassets in Resources */,
			);
			runOnlyForDeploymentPostprocessing = 0;
		};
		84F69C192C2FB67F0088178F /* Resources */ = {
			isa = PBXResourcesBuildPhase;
			buildActionMask = 2147483647;
			files = (
			);
			runOnlyForDeploymentPostprocessing = 0;
		};
		84F69C232C2FB6800088178F /* Resources */ = {
			isa = PBXResourcesBuildPhase;
			buildActionMask = 2147483647;
			files = (
			);
			runOnlyForDeploymentPostprocessing = 0;
		};
/* End PBXResourcesBuildPhase section */

/* Begin PBXSourcesBuildPhase section */
		84F69C072C2FB67D0088178F /* Sources */ = {
			isa = PBXSourcesBuildPhase;
			buildActionMask = 2147483647;
			files = (
				84F69C112C2FB67E0088178F /* ContentView.swift in Sources */,
				84F69C0F2C2FB67E0088178F /* bottomsheetApp.swift in Sources */,
			);
			runOnlyForDeploymentPostprocessing = 0;
		};
		84F69C172C2FB67F0088178F /* Sources */ = {
			isa = PBXSourcesBuildPhase;
			buildActionMask = 2147483647;
			files = (
				84F69C202C2FB67F0088178F /* bottomsheetTests.swift in Sources */,
			);
			runOnlyForDeploymentPostprocessing = 0;
		};
		84F69C212C2FB6800088178F /* Sources */ = {
			isa = PBXSourcesBuildPhase;
			buildActionMask = 2147483647;
			files = (
				84F69C2A2C2FB6800088178F /* bottomsheetUITests.swift in Sources */,
				84F69C2C2C2FB6800088178F /* bottomsheetUITestsLaunchTests.swift in Sources */,
			);
			runOnlyForDeploymentPostprocessing = 0;
		};
/* End PBXSourcesBuildPhase section */

/* Begin PBXTargetDependency section */
		84F69C1D2C2FB67F0088178F /* PBXTargetDependency */ = {
			isa = PBXTargetDependency;
			target = 84F69C0A2C2FB67D0088178F /* bottomsheet */;
			targetProxy = 84F69C1C2C2FB67F0088178F /* PBXContainerItemProxy */;
		};
		84F69C272C2FB6800088178F /* PBXTargetDependency */ = {
			isa = PBXTargetDependency;
			target = 84F69C0A2C2FB67D0088178F /* bottomsheet */;
			targetProxy = 84F69C262C2FB6800088178F /* PBXContainerItemProxy */;
		};
/* End PBXTargetDependency section */

/* Begin XCBuildConfiguration section */
		84F69C2D2C2FB6800088178F /* Debug */ = {
			isa = XCBuildConfiguration;
			buildSettings = {
				ALWAYS_SEARCH_USER_PATHS = NO;
				CLANG_ANALYZER_NONNULL = YES;
				CLANG_ANALYZER_NUMBER_OBJECT_CONVERSION = YES_AGGRESSIVE;
				CLANG_CXX_LANGUAGE_STANDARD = "gnu++20";
				CLANG_ENABLE_MODULES = YES;
				CLANG_ENABLE_OBJC_ARC = YES;
				CLANG_ENABLE_OBJC_WEAK = YES;
				CLANG_WARN_BLOCK_CAPTURE_AUTORELEASING = YES;
				CLANG_WARN_BOOL_CONVERSION = YES;
				CLANG_WARN_COMMA = YES;
				CLANG_WARN_CONSTANT_CONVERSION = YES;
				CLANG_WARN_DEPRECATED_OBJC_IMPLEMENTATIONS = YES;
				CLANG_WARN_DIRECT_OBJC_ISA_USAGE = YES_ERROR;
				CLANG_WARN_DOCUMENTATION_COMMENTS = YES;
				CLANG_WARN_EMPTY_BODY = YES;
				CLANG_WARN_ENUM_CONVERSION = YES;
				CLANG_WARN_INFINITE_RECURSION = YES;
				CLANG_WARN_INT_CONVERSION = YES;
				CLANG_WARN_NON_LITERAL_NULL_CONVERSION = YES;
				CLANG_WARN_OBJC_IMPLICIT_RETAIN_SELF = YES;
				CLANG_WARN_OBJC_LITERAL_CONVERSION = YES;
				CLANG_WARN_OBJC_ROOT_CLASS = YES_ERROR;
				CLANG_WARN_QUOTED_INCLUDE_IN_FRAMEWORK_HEADER = YES;
				CLANG_WARN_RANGE_LOOP_ANALYSIS = YES;
				CLANG_WARN_STRICT_PROTOTYPES = YES;
				CLANG_WARN_SUSPICIOUS_MOVE = YES;
				CLANG_WARN_UNGUARDED_AVAILABILITY = YES_AGGRESSIVE;
				CLANG_WARN_UNREACHABLE_CODE = YES;
				CLANG_WARN__DUPLICATE_METHOD_MATCH = YES;
				COPY_PHASE_STRIP = NO;
				DEBUG_INFORMATION_FORMAT = dwarf;
				ENABLE_STRICT_OBJC_MSGSEND = YES;
				ENABLE_TESTABILITY = YES;
				GCC_C_LANGUAGE_STANDARD = gnu11;
				GCC_DYNAMIC_NO_PIC = NO;
				GCC_NO_COMMON_BLOCKS = YES;
				GCC_OPTIMIZATION_LEVEL = 0;
				GCC_PREPROCESSOR_DEFINITIONS = (
					"DEBUG=1",
					"$(inherited)",
				);
				GCC_WARN_64_TO_32_BIT_CONVERSION = YES;
				GCC_WARN_ABOUT_RETURN_TYPE = YES_ERROR;
				GCC_WARN_UNDECLARED_SELECTOR = YES;
				GCC_WARN_UNINITIALIZED_AUTOS = YES_AGGRESSIVE;
				GCC_WARN_UNUSED_FUNCTION = YES;
				GCC_WARN_UNUSED_VARIABLE = YES;
				IPHONEOS_DEPLOYMENT_TARGET = 16.2;
				MTL_ENABLE_DEBUG_INFO = INCLUDE_SOURCE;
				MTL_FAST_MATH = YES;
				ONLY_ACTIVE_ARCH = YES;
				SDKROOT = iphoneos;
				SWIFT_ACTIVE_COMPILATION_CONDITIONS = DEBUG;
				SWIFT_OPTIMIZATION_LEVEL = "-Onone";
			};
			name = Debug;
		};
		84F69C2E2C2FB6800088178F /* Release */ = {
			isa = XCBuildConfiguration;
			buildSettings = {
				ALWAYS_SEARCH_USER_PATHS = NO;
				CLANG_ANALYZER_NONNULL = YES;
				CLANG_ANALYZER_NUMBER_OBJECT_CONVERSION = YES_AGGRESSIVE;
				CLANG_CXX_LANGUAGE_STANDARD = "gnu++20";
				CLANG_ENABLE_MODULES = YES;
				CLANG_ENABLE_OBJC_ARC = YES;
				CLANG_ENABLE_OBJC_WEAK = YES;
				CLANG_WARN_BLOCK_CAPTURE_AUTORELEASING = YES;
				CLANG_WARN_BOOL_CONVERSION = YES;
				CLANG_WARN_COMMA = YES;
				CLANG_WARN_CONSTANT_CONVERSION = YES;
				CLANG_WARN_DEPRECATED_OBJC_IMPLEMENTATIONS = YES;
				CLANG_WARN_DIRECT_OBJC_ISA_USAGE = YES_ERROR;
				CLANG_WARN_DOCUMENTATION_COMMENTS = YES;
				CLANG_WARN_EMPTY_BODY = YES;
				CLANG_WARN_ENUM_CONVERSION = YES;
				CLANG_WARN_INFINITE_RECURSION = YES;
				CLANG_WARN_INT_CONVERSION = YES;
				CLANG_WARN_NON_LITERAL_NULL_CONVERSION = YES;
				CLANG_WARN_OBJC_IMPLICIT_RETAIN_SELF = YES;
				CLANG_WARN_OBJC_LITERAL_CONVERSION = YES;
				CLANG_WARN_OBJC_ROOT_CLASS = YES_ERROR;
				CLANG_WARN_QUOTED_INCLUDE_IN_FRAMEWORK_HEADER = YES;
				CLANG_WARN_RANGE_LOOP_ANALYSIS = YES;
				CLANG_WARN_STRICT_PROTOTYPES = YES;
				CLANG_WARN_SUSPICIOUS_MOVE = YES;
				CLANG_WARN_UNGUARDED_AVAILABILITY = YES_AGGRESSIVE;
				CLANG_WARN_UNREACHABLE_CODE = YES;
				CLANG_WARN__DUPLICATE_METHOD_MATCH = YES;
				COPY_PHASE_STRIP = NO;
				DEBUG_INFORMATION_FORMAT = "dwarf-with-dsym";
				ENABLE_NS_ASSERTIONS = NO;
				ENABLE_STRICT_OBJC_MSGSEND = YES;
				GCC_C_LANGUAGE_STANDARD = gnu11;
				GCC_NO_COMMON_BLOCKS = YES;
				GCC_WARN_64_TO_32_BIT_CONVERSION = YES;
				GCC_WARN_ABOUT_RETURN_TYPE = YES_ERROR;
				GCC_WARN_UNDECLARED_SELECTOR = YES;
				GCC_WARN_UNINITIALIZED_AUTOS = YES_AGGRESSIVE;
				GCC_WARN_UNUSED_FUNCTION = YES;
				GCC_WARN_UNUSED_VARIABLE = YES;
				IPHONEOS_DEPLOYMENT_TARGET = 16.2;
				MTL_ENABLE_DEBUG_INFO = NO;
				MTL_FAST_MATH = YES;
				SDKROOT = iphoneos;
				SWIFT_COMPILATION_MODE = wholemodule;
				SWIFT_OPTIMIZATION_LEVEL = "-O";
				VALIDATE_PRODUCT = YES;
			};
			name = Release;
		};
		84F69C302C2FB6800088178F /* Debug */ = {
			isa = XCBuildConfiguration;
			buildSettings = {
				ASSETCATALOG_COMPILER_APPICON_NAME = AppIcon;
				ASSETCATALOG_COMPILER_GLOBAL_ACCENT_COLOR_NAME = AccentColor;
				CODE_SIGN_STYLE = Automatic;
				CURRENT_PROJECT_VERSION = 1;
				DEVELOPMENT_ASSET_PATHS = "\"bottomsheet/Preview Content\"";
				ENABLE_PREVIEWS = YES;
				GENERATE_INFOPLIST_FILE = YES;
				INFOPLIST_KEY_UIApplicationSceneManifest_Generation = YES;
				INFOPLIST_KEY_UIApplicationSupportsIndirectInputEvents = YES;
				INFOPLIST_KEY_UILaunchScreen_Generation = YES;
				INFOPLIST_KEY_UISupportedInterfaceOrientations_iPad = "UIInterfaceOrientationPortrait UIInterfaceOrientationPortraitUpsideDown UIInterfaceOrientationLandscapeLeft UIInterfaceOrientationLandscapeRight";
				INFOPLIST_KEY_UISupportedInterfaceOrientations_iPhone = "UIInterfaceOrientationPortrait UIInterfaceOrientationLandscapeLeft UIInterfaceOrientationLandscapeRight";
				LD_RUNPATH_SEARCH_PATHS = (
					"$(inherited)",
					"@executable_path/Frameworks",
				);
				MARKETING_VERSION = 1.0;
				PRODUCT_BUNDLE_IDENTIFIER = kz.bottomsheet;
				PRODUCT_NAME = "$(TARGET_NAME)";
				SWIFT_EMIT_LOC_STRINGS = YES;
				SWIFT_VERSION = 5.0;
				TARGETED_DEVICE_FAMILY = "1,2";
			};
			name = Debug;
		};
		84F69C312C2FB6800088178F /* Release */ = {
			isa = XCBuildConfiguration;
			buildSettings = {
				ASSETCATALOG_COMPILER_APPICON_NAME = AppIcon;
				ASSETCATALOG_COMPILER_GLOBAL_ACCENT_COLOR_NAME = AccentColor;
				CODE_SIGN_STYLE = Automatic;
				CURRENT_PROJECT_VERSION = 1;
				DEVELOPMENT_ASSET_PATHS = "\"bottomsheet/Preview Content\"";
				ENABLE_PREVIEWS = YES;
				GENERATE_INFOPLIST_FILE = YES;
				INFOPLIST_KEY_UIApplicationSceneManifest_Generation = YES;
				INFOPLIST_KEY_UIApplicationSupportsIndirectInputEvents = YES;
				INFOPLIST_KEY_UILaunchScreen_Generation = YES;
				INFOPLIST_KEY_UISupportedInterfaceOrientations_iPad = "UIInterfaceOrientationPortrait UIInterfaceOrientationPortraitUpsideDown UIInterfaceOrientationLandscapeLeft UIInterfaceOrientationLandscapeRight";
				INFOPLIST_KEY_UISupportedInterfaceOrientations_iPhone = "UIInterfaceOrientationPortrait UIInterfaceOrientationLandscapeLeft UIInterfaceOrientationLandscapeRight";
				LD_RUNPATH_SEARCH_PATHS = (
					"$(inherited)",
					"@executable_path/Frameworks",
				);
				MARKETING_VERSION = 1.0;
				PRODUCT_BUNDLE_IDENTIFIER = kz.bottomsheet;
				PRODUCT_NAME = "$(TARGET_NAME)";
				SWIFT_EMIT_LOC_STRINGS = YES;
				SWIFT_VERSION = 5.0;
				TARGETED_DEVICE_FAMILY = "1,2";
			};
			name = Release;
		};
		84F69C332C2FB6800088178F /* Debug */ = {
			isa = XCBuildConfiguration;
			buildSettings = {
				ALWAYS_EMBED_SWIFT_STANDARD_LIBRARIES = YES;
				BUNDLE_LOADER = "$(TEST_HOST)";
				CODE_SIGN_STYLE = Automatic;
				CURRENT_PROJECT_VERSION = 1;
				GENERATE_INFOPLIST_FILE = YES;
				IPHONEOS_DEPLOYMENT_TARGET = 16.2;
				MARKETING_VERSION = 1.0;
				PRODUCT_BUNDLE_IDENTIFIER = kz.bottomsheetTests;
				PRODUCT_NAME = "$(TARGET_NAME)";
				SWIFT_EMIT_LOC_STRINGS = NO;
				SWIFT_VERSION = 5.0;
				TARGETED_DEVICE_FAMILY = "1,2";
				TEST_HOST = "$(BUILT_PRODUCTS_DIR)/bottomsheet.app/$(BUNDLE_EXECUTABLE_FOLDER_PATH)/bottomsheet";
			};
			name = Debug;
		};
		84F69C342C2FB6800088178F /* Release */ = {
			isa = XCBuildConfiguration;
			buildSettings = {
				ALWAYS_EMBED_SWIFT_STANDARD_LIBRARIES = YES;
				BUNDLE_LOADER = "$(TEST_HOST)";
				CODE_SIGN_STYLE = Automatic;
				CURRENT_PROJECT_VERSION = 1;
				GENERATE_INFOPLIST_FILE = YES;
				IPHONEOS_DEPLOYMENT_TARGET = 16.2;
				MARKETING_VERSION = 1.0;
				PRODUCT_BUNDLE_IDENTIFIER = kz.bottomsheetTests;
				PRODUCT_NAME = "$(TARGET_NAME)";
				SWIFT_EMIT_LOC_STRINGS = NO;
				SWIFT_VERSION = 5.0;
				TARGETED_DEVICE_FAMILY = "1,2";
				TEST_HOST = "$(BUILT_PRODUCTS_DIR)/bottomsheet.app/$(BUNDLE_EXECUTABLE_FOLDER_PATH)/bottomsheet";
			};
			name = Release;
		};
		84F69C362C2FB6800088178F /* Debug */ = {
			isa = XCBuildConfiguration;
			buildSettings = {
				ALWAYS_EMBED_SWIFT_STANDARD_LIBRARIES = YES;
				CODE_SIGN_STYLE = Automatic;
				CURRENT_PROJECT_VERSION = 1;
				GENERATE_INFOPLIST_FILE = YES;
				MARKETING_VERSION = 1.0;
				PRODUCT_BUNDLE_IDENTIFIER = kz.bottomsheetUITests;
				PRODUCT_NAME = "$(TARGET_NAME)";
				SWIFT_EMIT_LOC_STRINGS = NO;
				SWIFT_VERSION = 5.0;
				TARGETED_DEVICE_FAMILY = "1,2";
				TEST_TARGET_NAME = bottomsheet;
			};
			name = Debug;
		};
		84F69C372C2FB6800088178F /* Release */ = {
			isa = XCBuildConfiguration;
			buildSettings = {
				ALWAYS_EMBED_SWIFT_STANDARD_LIBRARIES = YES;
				CODE_SIGN_STYLE = Automatic;
				CURRENT_PROJECT_VERSION = 1;
				GENERATE_INFOPLIST_FILE = YES;
				MARKETING_VERSION = 1.0;
				PRODUCT_BUNDLE_IDENTIFIER = kz.bottomsheetUITests;
				PRODUCT_NAME = "$(TARGET_NAME)";
				SWIFT_EMIT_LOC_STRINGS = NO;
				SWIFT_VERSION = 5.0;
				TARGETED_DEVICE_FAMILY = "1,2";
				TEST_TARGET_NAME = bottomsheet;
			};
			name = Release;
		};
/* End XCBuildConfiguration section */

/* Begin XCConfigurationList section */
		84F69C062C2FB67D0088178F /* Build configuration list for PBXProject "bottomsheet" */ = {
			isa = XCConfigurationList;
			buildConfigurations = (
				84F69C2D2C2FB6800088178F /* Debug */,
				84F69C2E2C2FB6800088178F /* Release */,
			);
			defaultConfigurationIsVisible = 0;
			defaultConfigurationName = Release;
		};
		84F69C2F2C2FB6800088178F /* Build configuration list for PBXNativeTarget "bottomsheet" */ = {
			isa = XCConfigurationList;
			buildConfigurations = (
				84F69C302C2FB6800088178F /* Debug */,
				84F69C312C2FB6800088178F /* Release */,
			);
			defaultConfigurationIsVisible = 0;
			defaultConfigurationName = Release;
		};
		84F69C322C2FB6800088178F /* Build configuration list for PBXNativeTarget "bottomsheetTests" */ = {
			isa = XCConfigurationList;
			buildConfigurations = (
				84F69C332C2FB6800088178F /* Debug */,
				84F69C342C2FB6800088178F /* Release */,
			);
			defaultConfigurationIsVisible = 0;
			defaultConfigurationName = Release;
		};
		84F69C352C2FB6800088178F /* Build configuration list for PBXNativeTarget "bottomsheetUITests" */ = {
			isa = XCConfigurationList;
			buildConfigurations = (
				84F69C362C2FB6800088178F /* Debug */,
				84F69C372C2FB6800088178F /* Release */,
			);
			defaultConfigurationIsVisible = 0;
			defaultConfigurationName = Release;
		};
/* End XCConfigurationList section */
	};
	rootObject = 84F69C032C2FB67D0088178F /* Project object */;
}
